
Microsoft Visual Studio Solution File, Format Version 12.00
# Visual Studio Version 16
VisualStudioVersion = 16.0.31702.278
MinimumVisualStudioVersion = 10.0.40219.1
Project("{FAE04EC0-301F-11D3-BF4B-00C04F79EFBC}") = "Faktorizace", "Faktorizace.csproj", "{F50E8255-DC91-465B-91F3-82C178082BAD}"
EndProject
Global
	GlobalSection(SolutionConfigurationPlatforms) = preSolution
		Debug|Any CPU = Debug|Any CPU
		Release|Any CPU = Release|Any CPU
	EndGlobalSection
	GlobalSection(ProjectConfigurationPlatforms) = postSolution
		{F50E8255-DC91-465B-91F3-82C178082BAD}.Debug|Any CPU.ActiveCfg = Debug|Any CPU
		{F50E8255-DC91-465B-91F3-82C178082BAD}.Debug|Any CPU.Build.0 = Debug|Any CPU
		{F50E8255-DC91-465B-91F3-82C178082BAD}.Release|Any CPU.ActiveCfg = Release|Any CPU
		{F50E8255-DC91-465B-91F3-82C178082BAD}.Release|Any CPU.Build.0 = Release|Any CPU
	EndGlobalSection
	GlobalSection(SolutionProperties) = preSolution
		HideSolutionNode = FALSE
	EndGlobalSection
	GlobalSection(ExtensibilityGlobals) = postSolution
		SolutionGuid = {6C0501AA-9161-4848-B40C-2C985C81B4C0}
	EndGlobalSection
EndGlobal
